
Microsoft Visual Studio Solution File, Format Version 12.00
# Visual Studio Version 16
VisualStudioVersion = 16.0.30523.141
MinimumVisualStudioVersion = 10.0.40219.1
Project("{9A19103F-16F7-4668-BE54-9A1E7A4F7556}") = "NUnitTestSpreadsheet", "NUnitTestSpreadsheet\NUnitTestSpreadsheet.csproj", "{B48B617C-B3E2-4238-BE40-D7EE2E643DBC}"
EndProject
Project("{9A19103F-16F7-4668-BE54-9A1E7A4F7556}") = "SpreadsheetEngine", "SpreadsheetEngine\SpreadsheetEngine.csproj", "{ABDCC526-A8EA-4BAF-81C0-207B6E3C47DB}"
EndProject
Project("{2150E333-8FDC-42A3-9474-1A3956D46DE8}") = "Solution Items", "Solution Items", "{E59E0472-D07B-4111-9364-088EC96E4117}"
	ProjectSection(SolutionItems) = preProject
		.editorconfig = .editorconfig
	EndProjectSection
EndProject
Project("{FAE04EC0-301F-11D3-BF4B-00C04F79EFBC}") = "ExpressionTreeRunner", "ExpressionTreeRunner\ExpressionTreeRunner.csproj", "{A3466E01-1341-423D-8C2E-F9C351518ADF}"
EndProject
Project("{FAE04EC0-301F-11D3-BF4B-00C04F79EFBC}") = "Spreadsheet_Sage_Kreiter", "Spreadsheet_Sage_Kreiter\Spreadsheet_Sage_Kreiter.csproj", "{FD6D2A47-E1B3-4761-B674-A2B1F5D516D5}"
EndProject
Global
	GlobalSection(SolutionConfigurationPlatforms) = preSolution
		Debug|Any CPU = Debug|Any CPU
		Release|Any CPU = Release|Any CPU
	EndGlobalSection
	GlobalSection(ProjectConfigurationPlatforms) = postSolution
		{B48B617C-B3E2-4238-BE40-D7EE2E643DBC}.Debug|Any CPU.ActiveCfg = Debug|Any CPU
		{B48B617C-B3E2-4238-BE40-D7EE2E643DBC}.Debug|Any CPU.Build.0 = Debug|Any CPU
		{B48B617C-B3E2-4238-BE40-D7EE2E643DBC}.Release|Any CPU.ActiveCfg = Release|Any CPU
		{B48B617C-B3E2-4238-BE40-D7EE2E643DBC}.Release|Any CPU.Build.0 = Release|Any CPU
		{ABDCC526-A8EA-4BAF-81C0-207B6E3C47DB}.Debug|Any CPU.ActiveCfg = Debug|Any CPU
		{ABDCC526-A8EA-4BAF-81C0-207B6E3C47DB}.Debug|Any CPU.Build.0 = Debug|Any CPU
		{ABDCC526-A8EA-4BAF-81C0-207B6E3C47DB}.Release|Any CPU.ActiveCfg = Release|Any CPU
		{ABDCC526-A8EA-4BAF-81C0-207B6E3C47DB}.Release|Any CPU.Build.0 = Release|Any CPU
		{A3466E01-1341-423D-8C2E-F9C351518ADF}.Debug|Any CPU.ActiveCfg = Debug|Any CPU
		{A3466E01-1341-423D-8C2E-F9C351518ADF}.Debug|Any CPU.Build.0 = Debug|Any CPU
		{A3466E01-1341-423D-8C2E-F9C351518ADF}.Release|Any CPU.ActiveCfg = Release|Any CPU
		{A3466E01-1341-423D-8C2E-F9C351518ADF}.Release|Any CPU.Build.0 = Release|Any CPU
		{FD6D2A47-E1B3-4761-B674-A2B1F5D516D5}.Debug|Any CPU.ActiveCfg = Debug|Any CPU
		{FD6D2A47-E1B3-4761-B674-A2B1F5D516D5}.Debug|Any CPU.Build.0 = Debug|Any CPU
		{FD6D2A47-E1B3-4761-B674-A2B1F5D516D5}.Release|Any CPU.ActiveCfg = Release|Any CPU
		{FD6D2A47-E1B3-4761-B674-A2B1F5D516D5}.Release|Any CPU.Build.0 = Release|Any CPU
	EndGlobalSection
	GlobalSection(SolutionProperties) = preSolution
		HideSolutionNode = FALSE
	EndGlobalSection
	GlobalSection(ExtensibilityGlobals) = postSolution
		SolutionGuid = {7892FDC7-92B9-4312-A51B-00A92B7E1856}
	EndGlobalSection
EndGlobal
